// !$*UTF8*$!
{
	archiveVersion = 1;
	classes = {
	};
	objectVersion = 46;
	objects = {

/* Begin PBXBuildFile section */
		4201439617859C070012E4B2 /* evernote_logo.png in Resources */ = {isa = PBXBuildFile; fileRef = 4201439517859C070012E4B2 /* evernote_logo.png */; };
		4201439F1785EE170012E4B2 /* FileTaskView.m in Sources */ = {isa = PBXBuildFile; fileRef = 4201439D1785EE170012E4B2 /* FileTaskView.m */; };
		420143A01785EE170012E4B2 /* FileTaskView.xib in Resources */ = {isa = PBXBuildFile; fileRef = 4201439E1785EE170012E4B2 /* FileTaskView.xib */; };
		420143A617867C900012E4B2 /* Numbers.psd in Resources */ = {isa = PBXBuildFile; fileRef = 420143A517867C900012E4B2 /* Numbers.psd */; };
		4210724817828A7E00B03452 /* TaskWindowController.m in Sources */ = {isa = PBXBuildFile; fileRef = 4210724717828A7E00B03452 /* TaskWindowController.m */; };
		4210724C17828AF500B03452 /* SelectDataSourceView.m in Sources */ = {isa = PBXBuildFile; fileRef = 4210724A17828AF500B03452 /* SelectDataSourceView.m */; };
		4210724D17828AF500B03452 /* SelectDataSourceView.xib in Resources */ = {isa = PBXBuildFile; fileRef = 4210724B17828AF500B03452 /* SelectDataSourceView.xib */; };
		4210725117828D4A00B03452 /* SkypeView.m in Sources */ = {isa = PBXBuildFile; fileRef = 4210724F17828D4A00B03452 /* SkypeView.m */; };
		4210725217828D4A00B03452 /* SkypeView.xib in Resources */ = {isa = PBXBuildFile; fileRef = 4210725017828D4A00B03452 /* SkypeView.xib */; };
		4211CC12176CC233000B566B /* NSData+EvernoteSDK.m in Sources */ = {isa = PBXBuildFile; fileRef = 4211CC11176CC233000B566B /* NSData+EvernoteSDK.m */; };
		42154318178B0A3300044183 /* RecDesktopLogo.psd in Resources */ = {isa = PBXBuildFile; fileRef = 42154317178B0A3300044183 /* RecDesktopLogo.psd */; };
		422BE2A31787935700A11739 /* SignOut.psd in Resources */ = {isa = PBXBuildFile; fileRef = 422BE2A21787935700A11739 /* SignOut.psd */; };
		422BE2A51787936200A11739 /* SignIn.psd in Resources */ = {isa = PBXBuildFile; fileRef = 422BE2A41787936200A11739 /* SignIn.psd */; };
		422BE2A71787957800A11739 /* Left.png in Resources */ = {isa = PBXBuildFile; fileRef = 422BE2A61787957800A11739 /* Left.png */; };
		422BE2A91787965300A11739 /* Right.png in Resources */ = {isa = PBXBuildFile; fileRef = 422BE2A81787965300A11739 /* Right.png */; };
		42368B2E175CDBDF0098CFB3 /* Model.xcdatamodeld in Sources */ = {isa = PBXBuildFile; fileRef = 42368B2C175CDBDF0098CFB3 /* Model.xcdatamodeld */; };
		42368B36175CDCC70098CFB3 /* TaskSource.m in Sources */ = {isa = PBXBuildFile; fileRef = 42368B35175CDCC70098CFB3 /* TaskSource.m */; };
		42402DD51783476B007A97BC /* AdditionalConditionView.m in Sources */ = {isa = PBXBuildFile; fileRef = 42402DD31783476A007A97BC /* AdditionalConditionView.m */; };
		42402DD61783476B007A97BC /* AdditionalConditionView.xib in Resources */ = {isa = PBXBuildFile; fileRef = 42402DD41783476A007A97BC /* AdditionalConditionView.xib */; };
		425A64FB175A6DFF002DE6AF /* Cocoa.framework in Frameworks */ = {isa = PBXBuildFile; fileRef = 425A64FA175A6DFF002DE6AF /* Cocoa.framework */; };
		425A6505175A6DFF002DE6AF /* InfoPlist.strings in Resources */ = {isa = PBXBuildFile; fileRef = 425A6503175A6DFF002DE6AF /* InfoPlist.strings */; };
		425A6507175A6DFF002DE6AF /* main.m in Sources */ = {isa = PBXBuildFile; fileRef = 425A6506175A6DFF002DE6AF /* main.m */; };
		425A650B175A6DFF002DE6AF /* Credits.rtf in Resources */ = {isa = PBXBuildFile; fileRef = 425A6509175A6DFF002DE6AF /* Credits.rtf */; };
		425A650E175A6E00002DE6AF /* AppDelegate.m in Sources */ = {isa = PBXBuildFile; fileRef = 425A650D175A6E00002DE6AF /* AppDelegate.m */; };
		425A6511175A6E00002DE6AF /* MainMenu.xib in Resources */ = {isa = PBXBuildFile; fileRef = 425A650F175A6E00002DE6AF /* MainMenu.xib */; };
		425A6529175A6EA8002DE6AF /* EvernoteSDK-Mac.framework in Frameworks */ = {isa = PBXBuildFile; fileRef = 425A6522175A6E3C002DE6AF /* EvernoteSDK-Mac.framework */; };
		425A652E175A6EEF002DE6AF /* EvernoteSDK-Mac.framework in CopyFiles */ = {isa = PBXBuildFile; fileRef = 425A6522175A6E3C002DE6AF /* EvernoteSDK-Mac.framework */; };
		425A6530175A6F83002DE6AF /* libsqlite3.0.dylib in Frameworks */ = {isa = PBXBuildFile; fileRef = 425A652F175A6F83002DE6AF /* libsqlite3.0.dylib */; };
		425A6544175A7077002DE6AF /* TaskForSkype.m in Sources */ = {isa = PBXBuildFile; fileRef = 425A6540175A7077002DE6AF /* TaskForSkype.m */; };
		425A6545175A7077002DE6AF /* TaskForFile.m in Sources */ = {isa = PBXBuildFile; fileRef = 425A6542175A7077002DE6AF /* TaskForFile.m */; };
		425A6546175A7077002DE6AF /* Task.m in Sources */ = {isa = PBXBuildFile; fileRef = 425A6543175A7077002DE6AF /* Task.m */; };
		4272DDB71786E1490047B988 /* RightBow.png in Resources */ = {isa = PBXBuildFile; fileRef = 4272DDB61786E1490047B988 /* RightBow.png */; };
		4272DDBF1786E5F70047B988 /* question.png in Resources */ = {isa = PBXBuildFile; fileRef = 4272DDBE1786E5F70047B988 /* question.png */; };
		4272DDC3178714950047B988 /* ChooseBackupDirectoryView.m in Sources */ = {isa = PBXBuildFile; fileRef = 4272DDC1178714950047B988 /* ChooseBackupDirectoryView.m */; };
		4272DDC4178714950047B988 /* ChooseBackupDirectoryView.xib in Resources */ = {isa = PBXBuildFile; fileRef = 4272DDC2178714950047B988 /* ChooseBackupDirectoryView.xib */; };
		4272DDC61787248C0047B988 /* FileChoose.png in Resources */ = {isa = PBXBuildFile; fileRef = 4272DDC51787248C0047B988 /* FileChoose.png */; };
		42762117177F2D0F00079CC9 /* logo.icns in Resources */ = {isa = PBXBuildFile; fileRef = 42762116177F2D0F00079CC9 /* logo.icns */; };
		42860F90175B779C00F68B03 /* NSDate+Util.m in Sources */ = {isa = PBXBuildFile; fileRef = 42860F8F175B779C00F68B03 /* NSDate+Util.m */; };
		428615B0177771390028C38A /* documents_folder.png in Resources */ = {isa = PBXBuildFile; fileRef = 428615A9177771390028C38A /* documents_folder.png */; };
		428615B5177771390028C38A /* skype.png in Resources */ = {isa = PBXBuildFile; fileRef = 428615AE177771390028C38A /* skype.png */; };
		429C1BA0177F3DCF0037A77C /* CustomHeaderCell.m in Sources */ = {isa = PBXBuildFile; fileRef = 429C1B9F177F3DCF0037A77C /* CustomHeaderCell.m */; };
		429C1BA6177F418B0037A77C /* NSColor+Hex.m in Sources */ = {isa = PBXBuildFile; fileRef = 429C1BA5177F418B0037A77C /* NSColor+Hex.m */; };
		429C1BA9177F574F0037A77C /* CustomTableHeaderView.m in Sources */ = {isa = PBXBuildFile; fileRef = 429C1BA8177F574F0037A77C /* CustomTableHeaderView.m */; };
		42B32A5B1796448B00A6F0A0 /* recdesktop_sandbox.plist in Resources */ = {isa = PBXBuildFile; fileRef = 42B32A5A1796448B00A6F0A0 /* recdesktop_sandbox.plist */; };
		42B32A611796469400A6F0A0 /* recdesktop.plist in Resources */ = {isa = PBXBuildFile; fileRef = 42B32A601796469400A6F0A0 /* recdesktop.plist */; };
		42C4C4B7178682A00069A7F1 /* Pdf.psd in Resources */ = {isa = PBXBuildFile; fileRef = 42C4C4B6178682A00069A7F1 /* Pdf.psd */; };
		42C4C4BD178682B30069A7F1 /* Text.psd in Resources */ = {isa = PBXBuildFile; fileRef = 42C4C4BC178682B30069A7F1 /* Text.psd */; };
		42C4C4BF178684D50069A7F1 /* Keynote.psd in Resources */ = {isa = PBXBuildFile; fileRef = 42C4C4BE178684D50069A7F1 /* Keynote.psd */; };
		42C4C4C1178684DF0069A7F1 /* Excel.psd in Resources */ = {isa = PBXBuildFile; fileRef = 42C4C4C0178684DF0069A7F1 /* Excel.psd */; };
		42C4C4C3178684F10069A7F1 /* Pages.psd in Resources */ = {isa = PBXBuildFile; fileRef = 42C4C4C2178684F10069A7F1 /* Pages.psd */; };
		42C4C4C5178684FE0069A7F1 /* PowerPoint.psd in Resources */ = {isa = PBXBuildFile; fileRef = 42C4C4C4178684FE0069A7F1 /* PowerPoint.psd */; };
		42C4C4C7178685090069A7F1 /* Word.psd in Resources */ = {isa = PBXBuildFile; fileRef = 42C4C4C6178685090069A7F1 /* Word.psd */; };
		42CA7461175A7119002D469E /* FMDatabase.m in Sources */ = {isa = PBXBuildFile; fileRef = 42CA7458175A7119002D469E /* FMDatabase.m */; };
		42CA7462175A7119002D469E /* FMDatabaseAdditions.m in Sources */ = {isa = PBXBuildFile; fileRef = 42CA745A175A7119002D469E /* FMDatabaseAdditions.m */; };
		42CA7463175A7119002D469E /* FMDatabasePool.m in Sources */ = {isa = PBXBuildFile; fileRef = 42CA745C175A7119002D469E /* FMDatabasePool.m */; };
		42CA7464175A7119002D469E /* FMDatabaseQueue.m in Sources */ = {isa = PBXBuildFile; fileRef = 42CA745E175A7119002D469E /* FMDatabaseQueue.m */; };
		42CA7465175A7119002D469E /* FMResultSet.m in Sources */ = {isa = PBXBuildFile; fileRef = 42CA7460175A7119002D469E /* FMResultSet.m */; };
		42E0239B17806F1F00556623 /* AllRestart.psd in Resources */ = {isa = PBXBuildFile; fileRef = 42E0238E17806F1F00556623 /* AllRestart.psd */; };
		42E0239C17806F1F00556623 /* AllStart.psd in Resources */ = {isa = PBXBuildFile; fileRef = 42E0238F17806F1F00556623 /* AllStart.psd */; };
		42E0239D17806F1F00556623 /* AllStop.psd in Resources */ = {isa = PBXBuildFile; fileRef = 42E0239017806F1F00556623 /* AllStop.psd */; };
		42E0239E17806F1F00556623 /* Info.psd in Resources */ = {isa = PBXBuildFile; fileRef = 42E0239117806F1F00556623 /* Info.psd */; };
		42E0239F17806F1F00556623 /* Minus.psd in Resources */ = {isa = PBXBuildFile; fileRef = 42E0239217806F1F00556623 /* Minus.psd */; };
		42E023A017806F1F00556623 /* Pause.psd in Resources */ = {isa = PBXBuildFile; fileRef = 42E0239317806F1F00556623 /* Pause.psd */; };
		42E023A117806F1F00556623 /* Play.psd in Resources */ = {isa = PBXBuildFile; fileRef = 42E0239417806F1F00556623 /* Play.psd */; };
		42E023A217806F1F00556623 /* Plus.psd in Resources */ = {isa = PBXBuildFile; fileRef = 42E0239517806F1F00556623 /* Plus.psd */; };
		42E023A317806F1F00556623 /* RegisterOkBtnLightBlue.psd in Resources */ = {isa = PBXBuildFile; fileRef = 42E0239617806F1F00556623 /* RegisterOkBtnLightBlue.psd */; };
		42E023A417806F1F00556623 /* RegisterOkBtnLightGreen.psd in Resources */ = {isa = PBXBuildFile; fileRef = 42E0239717806F1F00556623 /* RegisterOkBtnLightGreen.psd */; };
		42E023A717806F1F00556623 /* Status.psd in Resources */ = {isa = PBXBuildFile; fileRef = 42E0239A17806F1F00556623 /* Status.psd */; };
		42F7806B176C23B900CC3E7A /* SkypeViewController.m in Sources */ = {isa = PBXBuildFile; fileRef = 42F78069176C23B900CC3E7A /* SkypeViewController.m */; };
		42F7806C176C23B900CC3E7A /* SkypeViewController.xib in Resources */ = {isa = PBXBuildFile; fileRef = 42F7806A176C23B900CC3E7A /* SkypeViewController.xib */; };
		42F78070176C84BC00CC3E7A /* FileViewController.m in Sources */ = {isa = PBXBuildFile; fileRef = 42F7806E176C84BC00CC3E7A /* FileViewController.m */; };
		42F78071176C84BC00CC3E7A /* FileViewController.xib in Resources */ = {isa = PBXBuildFile; fileRef = 42F7806F176C84BC00CC3E7A /* FileViewController.xib */; };
		42F78074176C854800CC3E7A /* TaskViewController.m in Sources */ = {isa = PBXBuildFile; fileRef = 42F78073176C854800CC3E7A /* TaskViewController.m */; };
/* End PBXBuildFile section */

/* Begin PBXContainerItemProxy section */
		425A651F175A6E3C002DE6AF /* PBXContainerItemProxy */ = {
			isa = PBXContainerItemProxy;
			containerPortal = 425A6517175A6E3B002DE6AF /* EvernoteSDK.xcodeproj */;
			proxyType = 2;
			remoteGlobalIDString = 0BB3D1AD1524ED96001C4534;
			remoteInfo = EvernoteSDK;
		};
		425A6521175A6E3C002DE6AF /* PBXContainerItemProxy */ = {
			isa = PBXContainerItemProxy;
			containerPortal = 425A6517175A6E3B002DE6AF /* EvernoteSDK.xcodeproj */;
			proxyType = 2;
			remoteGlobalIDString = 43741864170ADB2400D2BE51;
			remoteInfo = "EvernoteSDK-Mac";
		};
		425A6523175A6E3C002DE6AF /* PBXContainerItemProxy */ = {
			isa = PBXContainerItemProxy;
			containerPortal = 425A6517175A6E3B002DE6AF /* EvernoteSDK.xcodeproj */;
			proxyType = 2;
			remoteGlobalIDString = 0BB3D26E1524EF37001C4534;
			remoteInfo = "SampleApp-iOS";
		};
		425A6525175A6E3C002DE6AF /* PBXContainerItemProxy */ = {
			isa = PBXContainerItemProxy;
			containerPortal = 425A6517175A6E3B002DE6AF /* EvernoteSDK.xcodeproj */;
			proxyType = 2;
			remoteGlobalIDString = 437418AC170ADCD600D2BE51;
			remoteInfo = "SampleApp-Mac";
		};
		425A6527175A6E3C002DE6AF /* PBXContainerItemProxy */ = {
			isa = PBXContainerItemProxy;
			containerPortal = 425A6517175A6E3B002DE6AF /* EvernoteSDK.xcodeproj */;
			proxyType = 2;
			remoteGlobalIDString = 0BDBBC431550A11A003E6681;
			remoteInfo = UnitTests;
		};
		425A652A175A6EAD002DE6AF /* PBXContainerItemProxy */ = {
			isa = PBXContainerItemProxy;
			containerPortal = 425A6517175A6E3B002DE6AF /* EvernoteSDK.xcodeproj */;
			proxyType = 1;
			remoteGlobalIDString = 43741863170ADB2400D2BE51;
			remoteInfo = "EvernoteSDK-Mac";
		};
/* End PBXContainerItemProxy section */

/* Begin PBXCopyFilesBuildPhase section */
		425A652D175A6EE0002DE6AF /* CopyFiles */ = {
			isa = PBXCopyFilesBuildPhase;
			buildActionMask = 2147483647;
			dstPath = "";
			dstSubfolderSpec = 10;
			files = (
				425A652E175A6EEF002DE6AF /* EvernoteSDK-Mac.framework in CopyFiles */,
			);
			runOnlyForDeploymentPostprocessing = 0;
		};
/* End PBXCopyFilesBuildPhase section */

/* Begin PBXFileReference section */
		4201439517859C070012E4B2 /* evernote_logo.png */ = {isa = PBXFileReference; lastKnownFileType = image.png; path = evernote_logo.png; sourceTree = "<group>"; };
		4201439C1785EE170012E4B2 /* FileTaskView.h */ = {isa = PBXFileReference; fileEncoding = 4; lastKnownFileType = sourcecode.c.h; path = FileTaskView.h; sourceTree = "<group>"; };
		4201439D1785EE170012E4B2 /* FileTaskView.m */ = {isa = PBXFileReference; fileEncoding = 4; lastKnownFileType = sourcecode.c.objc; path = FileTaskView.m; sourceTree = "<group>"; };
		4201439E1785EE170012E4B2 /* FileTaskView.xib */ = {isa = PBXFileReference; fileEncoding = 4; lastKnownFileType = file.xib; path = FileTaskView.xib; sourceTree = "<group>"; };
		420143A517867C900012E4B2 /* Numbers.psd */ = {isa = PBXFileReference; lastKnownFileType = file; path = Numbers.psd; sourceTree = "<group>"; };
		4210724617828A7E00B03452 /* TaskWindowController.h */ = {isa = PBXFileReference; fileEncoding = 4; lastKnownFileType = sourcecode.c.h; path = TaskWindowController.h; sourceTree = "<group>"; };
		4210724717828A7E00B03452 /* TaskWindowController.m */ = {isa = PBXFileReference; fileEncoding = 4; lastKnownFileType = sourcecode.c.objc; path = TaskWindowController.m; sourceTree = "<group>"; };
		4210724917828AF500B03452 /* SelectDataSourceView.h */ = {isa = PBXFileReference; fileEncoding = 4; lastKnownFileType = sourcecode.c.h; path = SelectDataSourceView.h; sourceTree = "<group>"; };
		4210724A17828AF500B03452 /* SelectDataSourceView.m */ = {isa = PBXFileReference; fileEncoding = 4; lastKnownFileType = sourcecode.c.objc; path = SelectDataSourceView.m; sourceTree = "<group>"; };
		4210724B17828AF500B03452 /* SelectDataSourceView.xib */ = {isa = PBXFileReference; fileEncoding = 4; lastKnownFileType = file.xib; path = SelectDataSourceView.xib; sourceTree = "<group>"; };
		4210724E17828D4A00B03452 /* SkypeView.h */ = {isa = PBXFileReference; fileEncoding = 4; lastKnownFileType = sourcecode.c.h; path = SkypeView.h; sourceTree = "<group>"; };
		4210724F17828D4A00B03452 /* SkypeView.m */ = {isa = PBXFileReference; fileEncoding = 4; lastKnownFileType = sourcecode.c.objc; path = SkypeView.m; sourceTree = "<group>"; };
		4210725017828D4A00B03452 /* SkypeView.xib */ = {isa = PBXFileReference; fileEncoding = 4; lastKnownFileType = file.xib; path = SkypeView.xib; sourceTree = "<group>"; };
		4211CC10176CC233000B566B /* NSData+EvernoteSDK.h */ = {isa = PBXFileReference; fileEncoding = 4; lastKnownFileType = sourcecode.c.h; path = "NSData+EvernoteSDK.h"; sourceTree = "<group>"; };
		4211CC11176CC233000B566B /* NSData+EvernoteSDK.m */ = {isa = PBXFileReference; fileEncoding = 4; lastKnownFileType = sourcecode.c.objc; path = "NSData+EvernoteSDK.m"; sourceTree = "<group>"; };
		42154317178B0A3300044183 /* RecDesktopLogo.psd */ = {isa = PBXFileReference; lastKnownFileType = file; path = RecDesktopLogo.psd; sourceTree = "<group>"; };
		422BE2A21787935700A11739 /* SignOut.psd */ = {isa = PBXFileReference; lastKnownFileType = file; path = SignOut.psd; sourceTree = "<group>"; };
		422BE2A41787936200A11739 /* SignIn.psd */ = {isa = PBXFileReference; lastKnownFileType = file; path = SignIn.psd; sourceTree = "<group>"; };
		422BE2A61787957800A11739 /* Left.png */ = {isa = PBXFileReference; lastKnownFileType = image.png; path = Left.png; sourceTree = "<group>"; };
		422BE2A81787965300A11739 /* Right.png */ = {isa = PBXFileReference; lastKnownFileType = image.png; path = Right.png; sourceTree = "<group>"; };
		42368B2D175CDBDF0098CFB3 /* Model.xcdatamodel */ = {isa = PBXFileReference; lastKnownFileType = wrapper.xcdatamodel; path = Model.xcdatamodel; sourceTree = "<group>"; };
		42368B34175CDCC70098CFB3 /* TaskSource.h */ = {isa = PBXFileReference; fileEncoding = 4; lastKnownFileType = sourcecode.c.h; path = TaskSource.h; sourceTree = "<group>"; };
		42368B35175CDCC70098CFB3 /* TaskSource.m */ = {isa = PBXFileReference; fileEncoding = 4; lastKnownFileType = sourcecode.c.objc; path = TaskSource.m; sourceTree = "<group>"; };
		42402DD21783476A007A97BC /* AdditionalConditionView.h */ = {isa = PBXFileReference; fileEncoding = 4; lastKnownFileType = sourcecode.c.h; path = AdditionalConditionView.h; sourceTree = "<group>"; };
		42402DD31783476A007A97BC /* AdditionalConditionView.m */ = {isa = PBXFileReference; fileEncoding = 4; lastKnownFileType = sourcecode.c.objc; path = AdditionalConditionView.m; sourceTree = "<group>"; };
		42402DD41783476A007A97BC /* AdditionalConditionView.xib */ = {isa = PBXFileReference; fileEncoding = 4; lastKnownFileType = file.xib; path = AdditionalConditionView.xib; sourceTree = "<group>"; };
		425A64F7175A6DFF002DE6AF /* RecDesktop.app */ = {isa = PBXFileReference; explicitFileType = wrapper.application; includeInIndex = 0; path = RecDesktop.app; sourceTree = BUILT_PRODUCTS_DIR; };
		425A64FA175A6DFF002DE6AF /* Cocoa.framework */ = {isa = PBXFileReference; lastKnownFileType = wrapper.framework; name = Cocoa.framework; path = System/Library/Frameworks/Cocoa.framework; sourceTree = SDKROOT; };
		425A64FD175A6DFF002DE6AF /* AppKit.framework */ = {isa = PBXFileReference; lastKnownFileType = wrapper.framework; name = AppKit.framework; path = System/Library/Frameworks/AppKit.framework; sourceTree = SDKROOT; };
		425A64FE175A6DFF002DE6AF /* CoreData.framework */ = {isa = PBXFileReference; lastKnownFileType = wrapper.framework; name = CoreData.framework; path = System/Library/Frameworks/CoreData.framework; sourceTree = SDKROOT; };
		425A64FF175A6DFF002DE6AF /* Foundation.framework */ = {isa = PBXFileReference; lastKnownFileType = wrapper.framework; name = Foundation.framework; path = System/Library/Frameworks/Foundation.framework; sourceTree = SDKROOT; };
		425A6502175A6DFF002DE6AF /* RecDesktop-Info.plist */ = {isa = PBXFileReference; lastKnownFileType = text.plist.xml; path = "RecDesktop-Info.plist"; sourceTree = "<group>"; };
		425A6504175A6DFF002DE6AF /* en */ = {isa = PBXFileReference; lastKnownFileType = text.plist.strings; name = en; path = en.lproj/InfoPlist.strings; sourceTree = "<group>"; };
		425A6506175A6DFF002DE6AF /* main.m */ = {isa = PBXFileReference; lastKnownFileType = sourcecode.c.objc; path = main.m; sourceTree = "<group>"; };
		425A6508175A6DFF002DE6AF /* RecDesktop-Prefix.pch */ = {isa = PBXFileReference; lastKnownFileType = sourcecode.c.h; path = "RecDesktop-Prefix.pch"; sourceTree = "<group>"; };
		425A650A175A6DFF002DE6AF /* en */ = {isa = PBXFileReference; lastKnownFileType = text.rtf; name = en; path = en.lproj/Credits.rtf; sourceTree = "<group>"; };
		425A650C175A6DFF002DE6AF /* AppDelegate.h */ = {isa = PBXFileReference; lastKnownFileType = sourcecode.c.h; path = AppDelegate.h; sourceTree = "<group>"; };
		425A650D175A6E00002DE6AF /* AppDelegate.m */ = {isa = PBXFileReference; lastKnownFileType = sourcecode.c.objc; path = AppDelegate.m; sourceTree = "<group>"; };
		425A6510175A6E00002DE6AF /* en */ = {isa = PBXFileReference; lastKnownFileType = file.xib; name = en; path = en.lproj/MainMenu.xib; sourceTree = "<group>"; };
		425A6517175A6E3B002DE6AF /* EvernoteSDK.xcodeproj */ = {isa = PBXFileReference; lastKnownFileType = "wrapper.pb-project"; name = EvernoteSDK.xcodeproj; path = "../evernote-sdk-mac-master/EvernoteSDK.xcodeproj"; sourceTree = "<group>"; };
		425A652F175A6F83002DE6AF /* libsqlite3.0.dylib */ = {isa = PBXFileReference; lastKnownFileType = "compiled.mach-o.dylib"; name = libsqlite3.0.dylib; path = usr/lib/libsqlite3.0.dylib; sourceTree = SDKROOT; };
		425A653E175A7077002DE6AF /* Task.h */ = {isa = PBXFileReference; fileEncoding = 4; lastKnownFileType = sourcecode.c.h; path = Task.h; sourceTree = "<group>"; };
		425A653F175A7077002DE6AF /* TaskForSkype.h */ = {isa = PBXFileReference; fileEncoding = 4; lastKnownFileType = sourcecode.c.h; path = TaskForSkype.h; sourceTree = "<group>"; };
		425A6540175A7077002DE6AF /* TaskForSkype.m */ = {isa = PBXFileReference; fileEncoding = 4; lastKnownFileType = sourcecode.c.objc; path = TaskForSkype.m; sourceTree = "<group>"; };
		425A6541175A7077002DE6AF /* TaskForFile.h */ = {isa = PBXFileReference; fileEncoding = 4; lastKnownFileType = sourcecode.c.h; path = TaskForFile.h; sourceTree = "<group>"; };
		425A6542175A7077002DE6AF /* TaskForFile.m */ = {isa = PBXFileReference; fileEncoding = 4; lastKnownFileType = sourcecode.c.objc; path = TaskForFile.m; sourceTree = "<group>"; };
		425A6543175A7077002DE6AF /* Task.m */ = {isa = PBXFileReference; fileEncoding = 4; lastKnownFileType = sourcecode.c.objc; path = Task.m; sourceTree = "<group>"; };
		4272DDB61786E1490047B988 /* RightBow.png */ = {isa = PBXFileReference; lastKnownFileType = image.png; path = RightBow.png; sourceTree = "<group>"; };
		4272DDBE1786E5F70047B988 /* question.png */ = {isa = PBXFileReference; lastKnownFileType = image.png; path = question.png; sourceTree = "<group>"; };
		4272DDC0178714950047B988 /* ChooseBackupDirectoryView.h */ = {isa = PBXFileReference; fileEncoding = 4; lastKnownFileType = sourcecode.c.h; path = ChooseBackupDirectoryView.h; sourceTree = "<group>"; };
		4272DDC1178714950047B988 /* ChooseBackupDirectoryView.m */ = {isa = PBXFileReference; fileEncoding = 4; lastKnownFileType = sourcecode.c.objc; path = ChooseBackupDirectoryView.m; sourceTree = "<group>"; };
		4272DDC2178714950047B988 /* ChooseBackupDirectoryView.xib */ = {isa = PBXFileReference; fileEncoding = 4; lastKnownFileType = file.xib; path = ChooseBackupDirectoryView.xib; sourceTree = "<group>"; };
		4272DDC51787248C0047B988 /* FileChoose.png */ = {isa = PBXFileReference; lastKnownFileType = image.png; path = FileChoose.png; sourceTree = "<group>"; };
		42762116177F2D0F00079CC9 /* logo.icns */ = {isa = PBXFileReference; lastKnownFileType = image.icns; path = logo.icns; sourceTree = "<group>"; };
		42860F8E175B779C00F68B03 /* NSDate+Util.h */ = {isa = PBXFileReference; fileEncoding = 4; lastKnownFileType = sourcecode.c.h; path = "NSDate+Util.h"; sourceTree = "<group>"; };
		42860F8F175B779C00F68B03 /* NSDate+Util.m */ = {isa = PBXFileReference; fileEncoding = 4; lastKnownFileType = sourcecode.c.objc; path = "NSDate+Util.m"; sourceTree = "<group>"; };
		428615A9177771390028C38A /* documents_folder.png */ = {isa = PBXFileReference; lastKnownFileType = image.png; path = documents_folder.png; sourceTree = "<group>"; };
		428615AE177771390028C38A /* skype.png */ = {isa = PBXFileReference; lastKnownFileType = image.png; path = skype.png; sourceTree = "<group>"; };
		429C1B9E177F3DCF0037A77C /* CustomHeaderCell.h */ = {isa = PBXFileReference; fileEncoding = 4; lastKnownFileType = sourcecode.c.h; path = CustomHeaderCell.h; sourceTree = "<group>"; };
		429C1B9F177F3DCF0037A77C /* CustomHeaderCell.m */ = {isa = PBXFileReference; fileEncoding = 4; lastKnownFileType = sourcecode.c.objc; path = CustomHeaderCell.m; sourceTree = "<group>"; };
		429C1BA4177F418B0037A77C /* NSColor+Hex.h */ = {isa = PBXFileReference; fileEncoding = 4; lastKnownFileType = sourcecode.c.h; path = "NSColor+Hex.h"; sourceTree = "<group>"; };
		429C1BA5177F418B0037A77C /* NSColor+Hex.m */ = {isa = PBXFileReference; fileEncoding = 4; lastKnownFileType = sourcecode.c.objc; path = "NSColor+Hex.m"; sourceTree = "<group>"; };
		429C1BA7177F574F0037A77C /* CustomTableHeaderView.h */ = {isa = PBXFileReference; fileEncoding = 4; lastKnownFileType = sourcecode.c.h; path = CustomTableHeaderView.h; sourceTree = "<group>"; };
		429C1BA8177F574F0037A77C /* CustomTableHeaderView.m */ = {isa = PBXFileReference; fileEncoding = 4; lastKnownFileType = sourcecode.c.objc; path = CustomTableHeaderView.m; sourceTree = "<group>"; };
		42B32A5A1796448B00A6F0A0 /* recdesktop_sandbox.plist */ = {isa = PBXFileReference; fileEncoding = 4; lastKnownFileType = text.plist.xml; path = recdesktop_sandbox.plist; sourceTree = "<group>"; };
		42B32A601796469400A6F0A0 /* recdesktop.plist */ = {isa = PBXFileReference; fileEncoding = 4; lastKnownFileType = text.plist.xml; path = recdesktop.plist; sourceTree = "<group>"; };
		42C4C4B6178682A00069A7F1 /* Pdf.psd */ = {isa = PBXFileReference; lastKnownFileType = file; path = Pdf.psd; sourceTree = "<group>"; };
		42C4C4BC178682B30069A7F1 /* Text.psd */ = {isa = PBXFileReference; lastKnownFileType = file; path = Text.psd; sourceTree = "<group>"; };
		42C4C4BE178684D50069A7F1 /* Keynote.psd */ = {isa = PBXFileReference; lastKnownFileType = file; path = Keynote.psd; sourceTree = "<group>"; };
		42C4C4C0178684DF0069A7F1 /* Excel.psd */ = {isa = PBXFileReference; lastKnownFileType = file; path = Excel.psd; sourceTree = "<group>"; };
		42C4C4C2178684F10069A7F1 /* Pages.psd */ = {isa = PBXFileReference; lastKnownFileType = file; path = Pages.psd; sourceTree = "<group>"; };
		42C4C4C4178684FE0069A7F1 /* PowerPoint.psd */ = {isa = PBXFileReference; lastKnownFileType = file; path = PowerPoint.psd; sourceTree = "<group>"; };
		42C4C4C6178685090069A7F1 /* Word.psd */ = {isa = PBXFileReference; lastKnownFileType = file; path = Word.psd; sourceTree = "<group>"; };
		42CA7457175A7119002D469E /* FMDatabase.h */ = {isa = PBXFileReference; fileEncoding = 4; lastKnownFileType = sourcecode.c.h; path = FMDatabase.h; sourceTree = "<group>"; };
		42CA7458175A7119002D469E /* FMDatabase.m */ = {isa = PBXFileReference; fileEncoding = 4; lastKnownFileType = sourcecode.c.objc; path = FMDatabase.m; sourceTree = "<group>"; };
		42CA7459175A7119002D469E /* FMDatabaseAdditions.h */ = {isa = PBXFileReference; fileEncoding = 4; lastKnownFileType = sourcecode.c.h; path = FMDatabaseAdditions.h; sourceTree = "<group>"; };
		42CA745A175A7119002D469E /* FMDatabaseAdditions.m */ = {isa = PBXFileReference; fileEncoding = 4; lastKnownFileType = sourcecode.c.objc; path = FMDatabaseAdditions.m; sourceTree = "<group>"; };
		42CA745B175A7119002D469E /* FMDatabasePool.h */ = {isa = PBXFileReference; fileEncoding = 4; lastKnownFileType = sourcecode.c.h; path = FMDatabasePool.h; sourceTree = "<group>"; };
		42CA745C175A7119002D469E /* FMDatabasePool.m */ = {isa = PBXFileReference; fileEncoding = 4; lastKnownFileType = sourcecode.c.objc; path = FMDatabasePool.m; sourceTree = "<group>"; };
		42CA745D175A7119002D469E /* FMDatabaseQueue.h */ = {isa = PBXFileReference; fileEncoding = 4; lastKnownFileType = sourcecode.c.h; path = FMDatabaseQueue.h; sourceTree = "<group>"; };
		42CA745E175A7119002D469E /* FMDatabaseQueue.m */ = {isa = PBXFileReference; fileEncoding = 4; lastKnownFileType = sourcecode.c.objc; path = FMDatabaseQueue.m; sourceTree = "<group>"; };
		42CA745F175A7119002D469E /* FMResultSet.h */ = {isa = PBXFileReference; fileEncoding = 4; lastKnownFileType = sourcecode.c.h; path = FMResultSet.h; sourceTree = "<group>"; };
		42CA7460175A7119002D469E /* FMResultSet.m */ = {isa = PBXFileReference; fileEncoding = 4; lastKnownFileType = sourcecode.c.objc; path = FMResultSet.m; sourceTree = "<group>"; };
		42E0238E17806F1F00556623 /* AllRestart.psd */ = {isa = PBXFileReference; lastKnownFileType = file; path = AllRestart.psd; sourceTree = "<group>"; };
		42E0238F17806F1F00556623 /* AllStart.psd */ = {isa = PBXFileReference; lastKnownFileType = file; path = AllStart.psd; sourceTree = "<group>"; };
		42E0239017806F1F00556623 /* AllStop.psd */ = {isa = PBXFileReference; lastKnownFileType = file; path = AllStop.psd; sourceTree = "<group>"; };
		42E0239117806F1F00556623 /* Info.psd */ = {isa = PBXFileReference; lastKnownFileType = file; path = Info.psd; sourceTree = "<group>"; };
		42E0239217806F1F00556623 /* Minus.psd */ = {isa = PBXFileReference; lastKnownFileType = file; path = Minus.psd; sourceTree = "<group>"; };
		42E0239317806F1F00556623 /* Pause.psd */ = {isa = PBXFileReference; lastKnownFileType = file; path = Pause.psd; sourceTree = "<group>"; };
		42E0239417806F1F00556623 /* Play.psd */ = {isa = PBXFileReference; lastKnownFileType = file; path = Play.psd; sourceTree = "<group>"; };
		42E0239517806F1F00556623 /* Plus.psd */ = {isa = PBXFileReference; lastKnownFileType = file; path = Plus.psd; sourceTree = "<group>"; };
		42E0239617806F1F00556623 /* RegisterOkBtnLightBlue.psd */ = {isa = PBXFileReference; lastKnownFileType = file; path = RegisterOkBtnLightBlue.psd; sourceTree = "<group>"; };
		42E0239717806F1F00556623 /* RegisterOkBtnLightGreen.psd */ = {isa = PBXFileReference; lastKnownFileType = file; path = RegisterOkBtnLightGreen.psd; sourceTree = "<group>"; };
		42E0239A17806F1F00556623 /* Status.psd */ = {isa = PBXFileReference; lastKnownFileType = file; path = Status.psd; sourceTree = "<group>"; };
		42F78068176C23B900CC3E7A /* SkypeViewController.h */ = {isa = PBXFileReference; fileEncoding = 4; lastKnownFileType = sourcecode.c.h; path = SkypeViewController.h; sourceTree = "<group>"; };
		42F78069176C23B900CC3E7A /* SkypeViewController.m */ = {isa = PBXFileReference; fileEncoding = 4; lastKnownFileType = sourcecode.c.objc; path = SkypeViewController.m; sourceTree = "<group>"; };
		42F7806A176C23B900CC3E7A /* SkypeViewController.xib */ = {isa = PBXFileReference; fileEncoding = 4; lastKnownFileType = file.xib; path = SkypeViewController.xib; sourceTree = "<group>"; };
		42F7806D176C84BC00CC3E7A /* FileViewController.h */ = {isa = PBXFileReference; fileEncoding = 4; lastKnownFileType = sourcecode.c.h; path = FileViewController.h; sourceTree = "<group>"; };
		42F7806E176C84BC00CC3E7A /* FileViewController.m */ = {isa = PBXFileReference; fileEncoding = 4; lastKnownFileType = sourcecode.c.objc; path = FileViewController.m; sourceTree = "<group>"; };
		42F7806F176C84BC00CC3E7A /* FileViewController.xib */ = {isa = PBXFileReference; fileEncoding = 4; lastKnownFileType = file.xib; path = FileViewController.xib; sourceTree = "<group>"; };
		42F78072176C854800CC3E7A /* TaskViewController.h */ = {isa = PBXFileReference; fileEncoding = 4; lastKnownFileType = sourcecode.c.h; path = TaskViewController.h; sourceTree = "<group>"; };
		42F78073176C854800CC3E7A /* TaskViewController.m */ = {isa = PBXFileReference; fileEncoding = 4; lastKnownFileType = sourcecode.c.objc; path = TaskViewController.m; sourceTree = "<group>"; };
/* End PBXFileReference section */

/* Begin PBXFrameworksBuildPhase section */
		425A64F4175A6DFF002DE6AF /* Frameworks */ = {
			isa = PBXFrameworksBuildPhase;
			buildActionMask = 2147483647;
			files = (
				425A6530175A6F83002DE6AF /* libsqlite3.0.dylib in Frameworks */,
				425A6529175A6EA8002DE6AF /* EvernoteSDK-Mac.framework in Frameworks */,
				425A64FB175A6DFF002DE6AF /* Cocoa.framework in Frameworks */,
			);
			runOnlyForDeploymentPostprocessing = 0;
		};
/* End PBXFrameworksBuildPhase section */

/* Begin PBXGroup section */
		4210723C178288E300B03452 /* TaskWiondow */ = {
			isa = PBXGroup;
			children = (
				4210724617828A7E00B03452 /* TaskWindowController.h */,
				4272DDC0178714950047B988 /* ChooseBackupDirectoryView.h */,
				4272DDC1178714950047B988 /* ChooseBackupDirectoryView.m */,
				4272DDC2178714950047B988 /* ChooseBackupDirectoryView.xib */,
				4210724717828A7E00B03452 /* TaskWindowController.m */,
				4210724917828AF500B03452 /* SelectDataSourceView.h */,
				4210724A17828AF500B03452 /* SelectDataSourceView.m */,
				4210724B17828AF500B03452 /* SelectDataSourceView.xib */,
				4210724E17828D4A00B03452 /* SkypeView.h */,
				4210724F17828D4A00B03452 /* SkypeView.m */,
				4210725017828D4A00B03452 /* SkypeView.xib */,
				42402DD21783476A007A97BC /* AdditionalConditionView.h */,
				42402DD31783476A007A97BC /* AdditionalConditionView.m */,
				42402DD41783476A007A97BC /* AdditionalConditionView.xib */,
				4201439C1785EE170012E4B2 /* FileTaskView.h */,
				4201439D1785EE170012E4B2 /* FileTaskView.m */,
				4201439E1785EE170012E4B2 /* FileTaskView.xib */,
			);
			name = TaskWiondow;
			sourceTree = "<group>";
		};
		4211CC0B176CC215000B566B /* Evernote */ = {
			isa = PBXGroup;
			children = (
				4211CC10176CC233000B566B /* NSData+EvernoteSDK.h */,
				4211CC11176CC233000B566B /* NSData+EvernoteSDK.m */,
			);
			name = Evernote;
			sourceTree = "<group>";
		};
		42368B33175CDCAA0098CFB3 /* Model */ = {
			isa = PBXGroup;
			children = (
				42368B34175CDCC70098CFB3 /* TaskSource.h */,
				42368B35175CDCC70098CFB3 /* TaskSource.m */,
			);
			name = Model;
			sourceTree = "<group>";
		};
		425A64EE175A6DFF002DE6AF = {
			isa = PBXGroup;
			children = (
				42762116177F2D0F00079CC9 /* logo.icns */,
				425A652F175A6F83002DE6AF /* libsqlite3.0.dylib */,
				425A6517175A6E3B002DE6AF /* EvernoteSDK.xcodeproj */,
				425A6500175A6DFF002DE6AF /* AutoMemorizeDesktop */,
				425A64F9175A6DFF002DE6AF /* Frameworks */,
				425A64F8175A6DFF002DE6AF /* Products */,
			);
			sourceTree = "<group>";
		};
		425A64F8175A6DFF002DE6AF /* Products */ = {
			isa = PBXGroup;
			children = (
				425A64F7175A6DFF002DE6AF /* RecDesktop.app */,
			);
			name = Products;
			sourceTree = "<group>";
		};
		425A64F9175A6DFF002DE6AF /* Frameworks */ = {
			isa = PBXGroup;
			children = (
				425A64FA175A6DFF002DE6AF /* Cocoa.framework */,
				425A64FC175A6DFF002DE6AF /* Other Frameworks */,
			);
			name = Frameworks;
			sourceTree = "<group>";
		};
		425A64FC175A6DFF002DE6AF /* Other Frameworks */ = {
			isa = PBXGroup;
			children = (
				425A64FD175A6DFF002DE6AF /* AppKit.framework */,
				425A64FE175A6DFF002DE6AF /* CoreData.framework */,
				425A64FF175A6DFF002DE6AF /* Foundation.framework */,
			);
			name = "Other Frameworks";
			sourceTree = "<group>";
		};
		425A6500175A6DFF002DE6AF /* AutoMemorizeDesktop */ = {
			isa = PBXGroup;
			children = (
				4210723C178288E300B03452 /* TaskWiondow */,
				429C1B99177F3DB90037A77C /* MainView */,
				428615A3177770720028C38A /* Resource */,
				4211CC0B176CC215000B566B /* Evernote */,
				42F78063176C23B000CC3E7A /* TaskView */,
				42368B33175CDCAA0098CFB3 /* Model */,
				42860F89175B776B00F68B03 /* Util */,
				425A653D175A705A002DE6AF /* Task */,
				425A6532175A6FF2002DE6AF /* FMDB */,
				425A650C175A6DFF002DE6AF /* AppDelegate.h */,
				425A650D175A6E00002DE6AF /* AppDelegate.m */,
				425A650F175A6E00002DE6AF /* MainMenu.xib */,
				425A6501175A6DFF002DE6AF /* Supporting Files */,
				42368B2C175CDBDF0098CFB3 /* Model.xcdatamodeld */,
			);
			path = AutoMemorizeDesktop;
			sourceTree = "<group>";
		};
		425A6501175A6DFF002DE6AF /* Supporting Files */ = {
			isa = PBXGroup;
			children = (
				425A6502175A6DFF002DE6AF /* RecDesktop-Info.plist */,
				425A6503175A6DFF002DE6AF /* InfoPlist.strings */,
				425A6506175A6DFF002DE6AF /* main.m */,
				425A6508175A6DFF002DE6AF /* RecDesktop-Prefix.pch */,
				425A6509175A6DFF002DE6AF /* Credits.rtf */,
			);
			name = "Supporting Files";
			sourceTree = "<group>";
		};
		425A6518175A6E3B002DE6AF /* Products */ = {
			isa = PBXGroup;
			children = (
				425A6520175A6E3C002DE6AF /* libEvernoteSDK.a */,
				425A6522175A6E3C002DE6AF /* EvernoteSDK-Mac.framework */,
				425A6524175A6E3C002DE6AF /* SampleApp-iOS.app */,
				425A6526175A6E3C002DE6AF /* SampleApp-Mac.app */,
				425A6528175A6E3C002DE6AF /* UnitTests.octest */,
			);
			name = Products;
			sourceTree = "<group>";
		};
		425A6532175A6FF2002DE6AF /* FMDB */ = {
			isa = PBXGroup;
			children = (
				42CA7457175A7119002D469E /* FMDatabase.h */,
				42CA7458175A7119002D469E /* FMDatabase.m */,
				42CA7459175A7119002D469E /* FMDatabaseAdditions.h */,
				42CA745A175A7119002D469E /* FMDatabaseAdditions.m */,
				42CA745B175A7119002D469E /* FMDatabasePool.h */,
				42CA745C175A7119002D469E /* FMDatabasePool.m */,
				42CA745D175A7119002D469E /* FMDatabaseQueue.h */,
				42CA745E175A7119002D469E /* FMDatabaseQueue.m */,
				42CA745F175A7119002D469E /* FMResultSet.h */,
				42CA7460175A7119002D469E /* FMResultSet.m */,
			);
			name = FMDB;
			sourceTree = "<group>";
		};
		425A653D175A705A002DE6AF /* Task */ = {
			isa = PBXGroup;
			children = (
				425A653E175A7077002DE6AF /* Task.h */,
				425A653F175A7077002DE6AF /* TaskForSkype.h */,
				425A6540175A7077002DE6AF /* TaskForSkype.m */,
				425A6541175A7077002DE6AF /* TaskForFile.h */,
				425A6542175A7077002DE6AF /* TaskForFile.m */,
				425A6543175A7077002DE6AF /* Task.m */,
			);
			name = Task;
			sourceTree = "<group>";
		};
		42860F89175B776B00F68B03 /* Util */ = {
			isa = PBXGroup;
			children = (
				42860F8E175B779C00F68B03 /* NSDate+Util.h */,
				42860F8F175B779C00F68B03 /* NSDate+Util.m */,
				429C1BA4177F418B0037A77C /* NSColor+Hex.h */,
				429C1BA5177F418B0037A77C /* NSColor+Hex.m */,
			);
			name = Util;
			sourceTree = "<group>";
		};
		428615A3177770720028C38A /* Resource */ = {
			isa = PBXGroup;
			children = (
				42B32A5A1796448B00A6F0A0 /* recdesktop_sandbox.plist */,
				42B32A601796469400A6F0A0 /* recdesktop.plist */,
				422BE2A41787936200A11739 /* SignIn.psd */,
				422BE2A21787935700A11739 /* SignOut.psd */,
				422BE2A81787965300A11739 /* Right.png */,
				42C4C4C6178685090069A7F1 /* Word.psd */,
				42C4C4C4178684FE0069A7F1 /* PowerPoint.psd */,
				4272DDBE1786E5F70047B988 /* question.png */,
				422BE2A61787957800A11739 /* Left.png */,
				4272DDB61786E1490047B988 /* RightBow.png */,
				42C4C4C2178684F10069A7F1 /* Pages.psd */,
				42C4C4C0178684DF0069A7F1 /* Excel.psd */,
				42154317178B0A3300044183 /* RecDesktopLogo.psd */,
				42C4C4BE178684D50069A7F1 /* Keynote.psd */,
				42C4C4BC178682B30069A7F1 /* Text.psd */,
				42C4C4B6178682A00069A7F1 /* Pdf.psd */,
				42E0238E17806F1F00556623 /* AllRestart.psd */,
				420143A517867C900012E4B2 /* Numbers.psd */,
				42E0238F17806F1F00556623 /* AllStart.psd */,
				42E0239017806F1F00556623 /* AllStop.psd */,
				4272DDC51787248C0047B988 /* FileChoose.png */,
				42E0239117806F1F00556623 /* Info.psd */,
				42E0239217806F1F00556623 /* Minus.psd */,
				42E0239317806F1F00556623 /* Pause.psd */,
				42E0239417806F1F00556623 /* Play.psd */,
				42E0239517806F1F00556623 /* Plus.psd */,
				42E0239617806F1F00556623 /* RegisterOkBtnLightBlue.psd */,
				42E0239717806F1F00556623 /* RegisterOkBtnLightGreen.psd */,
				42E0239A17806F1F00556623 /* Status.psd */,
				4201439517859C070012E4B2 /* evernote_logo.png */,
				428615A9177771390028C38A /* documents_folder.png */,
				428615AE177771390028C38A /* skype.png */,
			);
			name = Resource;
			sourceTree = "<group>";
		};
		429C1B99177F3DB90037A77C /* MainView */ = {
			isa = PBXGroup;
			children = (
				429C1B9E177F3DCF0037A77C /* CustomHeaderCell.h */,
				429C1B9F177F3DCF0037A77C /* CustomHeaderCell.m */,
				429C1BA7177F574F0037A77C /* CustomTableHeaderView.h */,
				429C1BA8177F574F0037A77C /* CustomTableHeaderView.m */,
			);
			name = MainView;
			sourceTree = "<group>";
		};
		42F78063176C23B000CC3E7A /* TaskView */ = {
			isa = PBXGroup;
			children = (
				42F78068176C23B900CC3E7A /* SkypeViewController.h */,
				42F78069176C23B900CC3E7A /* SkypeViewController.m */,
				42F7806A176C23B900CC3E7A /* SkypeViewController.xib */,
				42F7806D176C84BC00CC3E7A /* FileViewController.h */,
				42F7806E176C84BC00CC3E7A /* FileViewController.m */,
				42F7806F176C84BC00CC3E7A /* FileViewController.xib */,
				42F78072176C854800CC3E7A /* TaskViewController.h */,
				42F78073176C854800CC3E7A /* TaskViewController.m */,
			);
			name = TaskView;
			sourceTree = "<group>";
		};
/* End PBXGroup section */

/* Begin PBXNativeTarget section */
		425A64F6175A6DFF002DE6AF /* RecDesktop */ = {
			isa = PBXNativeTarget;
			buildConfigurationList = 425A6514175A6E00002DE6AF /* Build configuration list for PBXNativeTarget "RecDesktop" */;
			buildPhases = (
				425A64F3175A6DFF002DE6AF /* Sources */,
				425A64F4175A6DFF002DE6AF /* Frameworks */,
				425A64F5175A6DFF002DE6AF /* Resources */,
				425A652D175A6EE0002DE6AF /* CopyFiles */,
			);
			buildRules = (
			);
			dependencies = (
				425A652B175A6EAD002DE6AF /* PBXTargetDependency */,
			);
			name = RecDesktop;
			productName = AutoMemorizeDesktop;
			productReference = 425A64F7175A6DFF002DE6AF /* RecDesktop.app */;
			productType = "com.apple.product-type.application";
		};
/* End PBXNativeTarget section */

/* Begin PBXProject section */
		425A64EF175A6DFF002DE6AF /* Project object */ = {
			isa = PBXProject;
			attributes = {
				LastUpgradeCheck = 0460;
				ORGANIZATIONNAME = com.katzlifehack;
			};
			buildConfigurationList = 425A64F2175A6DFF002DE6AF /* Build configuration list for PBXProject "RecDesktop" */;
			compatibilityVersion = "Xcode 3.2";
			developmentRegion = English;
			hasScannedForEncodings = 0;
			knownRegions = (
				en,
			);
			mainGroup = 425A64EE175A6DFF002DE6AF;
			productRefGroup = 425A64F8175A6DFF002DE6AF /* Products */;
			projectDirPath = "";
			projectReferences = (
				{
					ProductGroup = 425A6518175A6E3B002DE6AF /* Products */;
					ProjectRef = 425A6517175A6E3B002DE6AF /* EvernoteSDK.xcodeproj */;
				},
			);
			projectRoot = "";
			targets = (
				425A64F6175A6DFF002DE6AF /* RecDesktop */,
			);
		};
/* End PBXProject section */

/* Begin PBXReferenceProxy section */
		425A6520175A6E3C002DE6AF /* libEvernoteSDK.a */ = {
			isa = PBXReferenceProxy;
			fileType = archive.ar;
			path = libEvernoteSDK.a;
			remoteRef = 425A651F175A6E3C002DE6AF /* PBXContainerItemProxy */;
			sourceTree = BUILT_PRODUCTS_DIR;
		};
		425A6522175A6E3C002DE6AF /* EvernoteSDK-Mac.framework */ = {
			isa = PBXReferenceProxy;
			fileType = wrapper.framework;
			path = "EvernoteSDK-Mac.framework";
			remoteRef = 425A6521175A6E3C002DE6AF /* PBXContainerItemProxy */;
			sourceTree = BUILT_PRODUCTS_DIR;
		};
		425A6524175A6E3C002DE6AF /* SampleApp-iOS.app */ = {
			isa = PBXReferenceProxy;
			fileType = wrapper.application;
			path = "SampleApp-iOS.app";
			remoteRef = 425A6523175A6E3C002DE6AF /* PBXContainerItemProxy */;
			sourceTree = BUILT_PRODUCTS_DIR;
		};
		425A6526175A6E3C002DE6AF /* SampleApp-Mac.app */ = {
			isa = PBXReferenceProxy;
			fileType = wrapper.application;
			path = "SampleApp-Mac.app";
			remoteRef = 425A6525175A6E3C002DE6AF /* PBXContainerItemProxy */;
			sourceTree = BUILT_PRODUCTS_DIR;
		};
		425A6528175A6E3C002DE6AF /* UnitTests.octest */ = {
			isa = PBXReferenceProxy;
			fileType = wrapper.cfbundle;
			path = UnitTests.octest;
			remoteRef = 425A6527175A6E3C002DE6AF /* PBXContainerItemProxy */;
			sourceTree = BUILT_PRODUCTS_DIR;
		};
/* End PBXReferenceProxy section */

/* Begin PBXResourcesBuildPhase section */
		425A64F5175A6DFF002DE6AF /* Resources */ = {
			isa = PBXResourcesBuildPhase;
			buildActionMask = 2147483647;
			files = (
				425A6505175A6DFF002DE6AF /* InfoPlist.strings in Resources */,
				425A650B175A6DFF002DE6AF /* Credits.rtf in Resources */,
				425A6511175A6E00002DE6AF /* MainMenu.xib in Resources */,
				42F7806C176C23B900CC3E7A /* SkypeViewController.xib in Resources */,
				42F78071176C84BC00CC3E7A /* FileViewController.xib in Resources */,
				428615B0177771390028C38A /* documents_folder.png in Resources */,
				428615B5177771390028C38A /* skype.png in Resources */,
				42762117177F2D0F00079CC9 /* logo.icns in Resources */,
				42E0239B17806F1F00556623 /* AllRestart.psd in Resources */,
				42E0239C17806F1F00556623 /* AllStart.psd in Resources */,
				42E0239D17806F1F00556623 /* AllStop.psd in Resources */,
				42E0239E17806F1F00556623 /* Info.psd in Resources */,
				42E0239F17806F1F00556623 /* Minus.psd in Resources */,
				42E023A017806F1F00556623 /* Pause.psd in Resources */,
				42E023A117806F1F00556623 /* Play.psd in Resources */,
				42E023A217806F1F00556623 /* Plus.psd in Resources */,
				42E023A317806F1F00556623 /* RegisterOkBtnLightBlue.psd in Resources */,
				42E023A417806F1F00556623 /* RegisterOkBtnLightGreen.psd in Resources */,
				42E023A717806F1F00556623 /* Status.psd in Resources */,
				4210724D17828AF500B03452 /* SelectDataSourceView.xib in Resources */,
				4210725217828D4A00B03452 /* SkypeView.xib in Resources */,
				42402DD61783476B007A97BC /* AdditionalConditionView.xib in Resources */,
				4201439617859C070012E4B2 /* evernote_logo.png in Resources */,
				420143A01785EE170012E4B2 /* FileTaskView.xib in Resources */,
				420143A617867C900012E4B2 /* Numbers.psd in Resources */,
				42C4C4B7178682A00069A7F1 /* Pdf.psd in Resources */,
				42C4C4BD178682B30069A7F1 /* Text.psd in Resources */,
				42C4C4BF178684D50069A7F1 /* Keynote.psd in Resources */,
				42C4C4C1178684DF0069A7F1 /* Excel.psd in Resources */,
				42C4C4C3178684F10069A7F1 /* Pages.psd in Resources */,
				42C4C4C5178684FE0069A7F1 /* PowerPoint.psd in Resources */,
				42C4C4C7178685090069A7F1 /* Word.psd in Resources */,
				4272DDB71786E1490047B988 /* RightBow.png in Resources */,
				4272DDBF1786E5F70047B988 /* question.png in Resources */,
				4272DDC4178714950047B988 /* ChooseBackupDirectoryView.xib in Resources */,
				4272DDC61787248C0047B988 /* FileChoose.png in Resources */,
				422BE2A31787935700A11739 /* SignOut.psd in Resources */,
				422BE2A51787936200A11739 /* SignIn.psd in Resources */,
				422BE2A71787957800A11739 /* Left.png in Resources */,
				422BE2A91787965300A11739 /* Right.png in Resources */,
				42154318178B0A3300044183 /* RecDesktopLogo.psd in Resources */,
				42B32A5B1796448B00A6F0A0 /* recdesktop_sandbox.plist in Resources */,
				42B32A611796469400A6F0A0 /* recdesktop.plist in Resources */,
			);
			runOnlyForDeploymentPostprocessing = 0;
		};
/* End PBXResourcesBuildPhase section */

/* Begin PBXSourcesBuildPhase section */
		425A64F3175A6DFF002DE6AF /* Sources */ = {
			isa = PBXSourcesBuildPhase;
			buildActionMask = 2147483647;
			files = (
				425A6507175A6DFF002DE6AF /* main.m in Sources */,
				425A650E175A6E00002DE6AF /* AppDelegate.m in Sources */,
				425A6544175A7077002DE6AF /* TaskForSkype.m in Sources */,
				425A6545175A7077002DE6AF /* TaskForFile.m in Sources */,
				425A6546175A7077002DE6AF /* Task.m in Sources */,
				42CA7461175A7119002D469E /* FMDatabase.m in Sources */,
				42CA7462175A7119002D469E /* FMDatabaseAdditions.m in Sources */,
				42CA7463175A7119002D469E /* FMDatabasePool.m in Sources */,
				42CA7464175A7119002D469E /* FMDatabaseQueue.m in Sources */,
				42CA7465175A7119002D469E /* FMResultSet.m in Sources */,
				42860F90175B779C00F68B03 /* NSDate+Util.m in Sources */,
				42368B2E175CDBDF0098CFB3 /* Model.xcdatamodeld in Sources */,
				42368B36175CDCC70098CFB3 /* TaskSource.m in Sources */,
				42F7806B176C23B900CC3E7A /* SkypeViewController.m in Sources */,
				42F78070176C84BC00CC3E7A /* FileViewController.m in Sources */,
				42F78074176C854800CC3E7A /* TaskViewController.m in Sources */,
				4211CC12176CC233000B566B /* NSData+EvernoteSDK.m in Sources */,
				429C1BA0177F3DCF0037A77C /* CustomHeaderCell.m in Sources */,
				429C1BA6177F418B0037A77C /* NSColor+Hex.m in Sources */,
				429C1BA9177F574F0037A77C /* CustomTableHeaderView.m in Sources */,
				4210724817828A7E00B03452 /* TaskWindowController.m in Sources */,
				4210724C17828AF500B03452 /* SelectDataSourceView.m in Sources */,
				4210725117828D4A00B03452 /* SkypeView.m in Sources */,
				42402DD51783476B007A97BC /* AdditionalConditionView.m in Sources */,
				4201439F1785EE170012E4B2 /* FileTaskView.m in Sources */,
				4272DDC3178714950047B988 /* ChooseBackupDirectoryView.m in Sources */,
			);
			runOnlyForDeploymentPostprocessing = 0;
		};
/* End PBXSourcesBuildPhase section */

/* Begin PBXTargetDependency section */
		425A652B175A6EAD002DE6AF /* PBXTargetDependency */ = {
			isa = PBXTargetDependency;
			name = "EvernoteSDK-Mac";
			targetProxy = 425A652A175A6EAD002DE6AF /* PBXContainerItemProxy */;
		};
/* End PBXTargetDependency section */

/* Begin PBXVariantGroup section */
		425A6503175A6DFF002DE6AF /* InfoPlist.strings */ = {
			isa = PBXVariantGroup;
			children = (
				425A6504175A6DFF002DE6AF /* en */,
			);
			name = InfoPlist.strings;
			sourceTree = "<group>";
		};
		425A6509175A6DFF002DE6AF /* Credits.rtf */ = {
			isa = PBXVariantGroup;
			children = (
				425A650A175A6DFF002DE6AF /* en */,
			);
			name = Credits.rtf;
			sourceTree = "<group>";
		};
		425A650F175A6E00002DE6AF /* MainMenu.xib */ = {
			isa = PBXVariantGroup;
			children = (
				425A6510175A6E00002DE6AF /* en */,
			);
			name = MainMenu.xib;
			sourceTree = "<group>";
		};
/* End PBXVariantGroup section */

/* Begin XCBuildConfiguration section */
		425A6512175A6E00002DE6AF /* Debug */ = {
			isa = XCBuildConfiguration;
			buildSettings = {
				ALWAYS_SEARCH_USER_PATHS = NO;
				ARCHS = "$(ARCHS_STANDARD_64_BIT)";
				CLANG_CXX_LANGUAGE_STANDARD = "gnu++0x";
				CLANG_CXX_LIBRARY = "libc++";
				CLANG_WARN_CONSTANT_CONVERSION = YES;
				CLANG_WARN_EMPTY_BODY = YES;
				CLANG_WARN_ENUM_CONVERSION = YES;
				CLANG_WARN_INT_CONVERSION = YES;
				CLANG_WARN__DUPLICATE_METHOD_MATCH = YES;
				COPY_PHASE_STRIP = NO;
				GCC_C_LANGUAGE_STANDARD = gnu99;
				GCC_DYNAMIC_NO_PIC = NO;
				GCC_ENABLE_OBJC_EXCEPTIONS = YES;
				GCC_OPTIMIZATION_LEVEL = 0;
				GCC_PREPROCESSOR_DEFINITIONS = (
					"DEBUG=1",
					"$(inherited)",
				);
				GCC_SYMBOLS_PRIVATE_EXTERN = NO;
				GCC_WARN_64_TO_32_BIT_CONVERSION = YES;
				GCC_WARN_ABOUT_RETURN_TYPE = YES;
				GCC_WARN_UNINITIALIZED_AUTOS = YES;
				GCC_WARN_UNUSED_VARIABLE = YES;
				MACOSX_DEPLOYMENT_TARGET = 10.8;
				ONLY_ACTIVE_ARCH = YES;
				SDKROOT = macosx;
			};
			name = Debug;
		};
		425A6513175A6E00002DE6AF /* Release */ = {
			isa = XCBuildConfiguration;
			buildSettings = {
				ALWAYS_SEARCH_USER_PATHS = NO;
				ARCHS = "$(ARCHS_STANDARD_64_BIT)";
				CLANG_CXX_LANGUAGE_STANDARD = "gnu++0x";
				CLANG_CXX_LIBRARY = "libc++";
				CLANG_WARN_CONSTANT_CONVERSION = YES;
				CLANG_WARN_EMPTY_BODY = YES;
				CLANG_WARN_ENUM_CONVERSION = YES;
				CLANG_WARN_INT_CONVERSION = YES;
				CLANG_WARN__DUPLICATE_METHOD_MATCH = YES;
				COPY_PHASE_STRIP = YES;
				DEBUG_INFORMATION_FORMAT = "dwarf-with-dsym";
				GCC_C_LANGUAGE_STANDARD = gnu99;
				GCC_ENABLE_OBJC_EXCEPTIONS = YES;
				GCC_WARN_64_TO_32_BIT_CONVERSION = YES;
				GCC_WARN_ABOUT_RETURN_TYPE = YES;
				GCC_WARN_UNINITIALIZED_AUTOS = YES;
				GCC_WARN_UNUSED_VARIABLE = YES;
				MACOSX_DEPLOYMENT_TARGET = 10.8;
				SDKROOT = macosx;
			};
			name = Release;
		};
		425A6515175A6E00002DE6AF /* Debug */ = {
			isa = XCBuildConfiguration;
			buildSettings = {
				CLANG_ENABLE_OBJC_ARC = YES;
				COMBINE_HIDPI_IMAGES = YES;
				GCC_PRECOMPILE_PREFIX_HEADER = YES;
				GCC_PREFIX_HEADER = "AutoMemorizeDesktop/RecDesktop-Prefix.pch";
				INFOPLIST_FILE = "AutoMemorizeDesktop/RecDesktop-Info.plist";
				PRODUCT_NAME = RecDesktop;
				WRAPPER_EXTENSION = app;
			};
			name = Debug;
		};
		425A6516175A6E00002DE6AF /* Release */ = {
			isa = XCBuildConfiguration;
			buildSettings = {
				CLANG_ENABLE_OBJC_ARC = YES;
				COMBINE_HIDPI_IMAGES = YES;
				GCC_PRECOMPILE_PREFIX_HEADER = YES;
				GCC_PREFIX_HEADER = "AutoMemorizeDesktop/RecDesktop-Prefix.pch";
				INFOPLIST_FILE = "AutoMemorizeDesktop/RecDesktop-Info.plist";
				PRODUCT_NAME = RecDesktop;
				WRAPPER_EXTENSION = app;
			};
			name = Release;
		};
/* End XCBuildConfiguration section */

/* Begin XCConfigurationList section */
		425A64F2175A6DFF002DE6AF /* Build configuration list for PBXProject "RecDesktop" */ = {
			isa = XCConfigurationList;
			buildConfigurations = (
				425A6512175A6E00002DE6AF /* Debug */,
				425A6513175A6E00002DE6AF /* Release */,
			);
			defaultConfigurationIsVisible = 0;
			defaultConfigurationName = Release;
		};
		425A6514175A6E00002DE6AF /* Build configuration list for PBXNativeTarget "RecDesktop" */ = {
			isa = XCConfigurationList;
			buildConfigurations = (
				425A6515175A6E00002DE6AF /* Debug */,
				425A6516175A6E00002DE6AF /* Release */,
			);
			defaultConfigurationIsVisible = 0;
			defaultConfigurationName = Release;
		};
/* End XCConfigurationList section */

/* Begin XCVersionGroup section */
		42368B2C175CDBDF0098CFB3 /* Model.xcdatamodeld */ = {
			isa = XCVersionGroup;
			children = (
				42368B2D175CDBDF0098CFB3 /* Model.xcdatamodel */,
			);
			currentVersion = 42368B2D175CDBDF0098CFB3 /* Model.xcdatamodel */;
			path = Model.xcdatamodeld;
			sourceTree = "<group>";
			versionGroupType = wrapper.xcdatamodel;
		};
/* End XCVersionGroup section */
	};
	rootObject = 425A64EF175A6DFF002DE6AF /* Project object */;
}
